
Microsoft Visual Studio Solution File, Format Version 12.00
# Visual Studio Version 16
VisualStudioVersion = 16.0.31702.278
MinimumVisualStudioVersion = 10.0.40219.1
Project("{F184B08F-C81C-45F6-A57F-5ABD9991F28F}") = "Interface", "Interface.vbproj", "{66D582AD-6C99-46AF-91E8-5F6EDD5737CC}"
EndProject
Global
	GlobalSection(SolutionConfigurationPlatforms) = preSolution
		Debug|Any CPU = Debug|Any CPU
		Release|Any CPU = Release|Any CPU
	EndGlobalSection
	GlobalSection(ProjectConfigurationPlatforms) = postSolution
		{66D582AD-6C99-46AF-91E8-5F6EDD5737CC}.Debug|Any CPU.ActiveCfg = Debug|Any CPU
		{66D582AD-6C99-46AF-91E8-5F6EDD5737CC}.Debug|Any CPU.Build.0 = Debug|Any CPU
		{66D582AD-6C99-46AF-91E8-5F6EDD5737CC}.Release|Any CPU.ActiveCfg = Release|Any CPU
		{66D582AD-6C99-46AF-91E8-5F6EDD5737CC}.Release|Any CPU.Build.0 = Release|Any CPU
	EndGlobalSection
	GlobalSection(SolutionProperties) = preSolution
		HideSolutionNode = FALSE
	EndGlobalSection
	GlobalSection(ExtensibilityGlobals) = postSolution
		SolutionGuid = {A83B5416-5F7B-4D72-BFD7-27AAE18D84B8}
	EndGlobalSection
EndGlobal
